{
  "version": 4,
  "terraform_version": "1.4.0",
  "serial": 10,
  "lineage": "d4415262-a81f-19a8-dd7a-34afd043e9ce",
  "outputs": {
    "RgName": {
      "value": "zmt-rg",
      "type": "string"
    },
    "StgActName": {
      "value": "zmtacc",
      "type": "string"
    }
  },
  "resources": [
    {
      "module": "module.ResourceGroup",
      "mode": "managed",
      "type": "azurerm_resource_group",
      "name": "zmt_rg",
      "provider": "provider[\"registry.terraform.io/hashicorp/azurerm\"]",
      "instances": [
        {
          "schema_version": 0,
          "attributes": {
            "id": "/subscriptions/a529f52a-bb2c-448c-9634-0e7ef9f018c0/resourceGroups/zmt-rg",
            "location": "westus",
            "name": "zmt-rg",
            "tags": {
              "author": "sumit",
              "client": "zetta",
              "env": "testing"
            },
            "timeouts": null
          },
          "sensitive_attributes": [],
          "private": "eyJlMmJmYjczMC1lY2FhLTExZTYtOGY4OC0zNDM2M2JjN2M0YzAiOnsiY3JlYXRlIjo1NDAwMDAwMDAwMDAwLCJkZWxldGUiOjU0MDAwMDAwMDAwMDAsInJlYWQiOjMwMDAwMDAwMDAwMCwidXBkYXRlIjo1NDAwMDAwMDAwMDAwfX0="
        }
      ]
    },
    {
      "module": "module.StorageAccount",
      "mode": "managed",
      "type": "azurerm_storage_account",
      "name": "zmt_stracc",
      "provider": "provider[\"registry.terraform.io/hashicorp/azurerm\"]",
      "instances": [
        {
          "schema_version": 3,
          "attributes": {
            "access_tier": "Hot",
            "account_kind": "StorageV2",
            "account_replication_type": "GRS",
            "account_tier": "Standard",
            "allow_nested_items_to_be_public": true,
            "allowed_copy_scope": "",
            "azure_files_authentication": [],
            "blob_properties": [
              {
                "change_feed_enabled": false,
                "change_feed_retention_in_days": 0,
                "container_delete_retention_policy": [],
                "cors_rule": [],
                "default_service_version": "",
                "delete_retention_policy": [],
                "last_access_time_enabled": false,
                "restore_policy": [],
                "versioning_enabled": false
              }
            ],
            "cross_tenant_replication_enabled": true,
            "custom_domain": [],
            "customer_managed_key": [],
            "default_to_oauth_authentication": false,
            "edge_zone": "",
            "enable_https_traffic_only": true,
            "id": "/subscriptions/a529f52a-bb2c-448c-9634-0e7ef9f018c0/resourceGroups/zmt-rg/providers/Microsoft.Storage/storageAccounts/zmtacc",
            "identity": [],
            "immutability_policy": [],
            "infrastructure_encryption_enabled": false,
            "is_hns_enabled": false,
            "large_file_share_enabled": null,
            "location": "westus",
            "min_tls_version": "TLS1_2",
            "name": "zmtacc",
            "network_rules": [
              {
                "bypass": [
                  "AzureServices"
                ],
                "default_action": "Allow",
                "ip_rules": [],
                "private_link_access": [],
                "virtual_network_subnet_ids": []
              }
            ],
            "nfsv3_enabled": false,
            "primary_access_key": "cXI92iOMQHi9KiHBtz+U3mgtcwK3bfScvfkRQFSNPvtSKU9h3qwPHtmNClK6YXSJFKglv32ffWC7+AStyCpn5w==",
            "primary_blob_connection_string": "DefaultEndpointsProtocol=https;BlobEndpoint=https://zmtacc.blob.core.windows.net/;AccountName=zmtacc;AccountKey=cXI92iOMQHi9KiHBtz+U3mgtcwK3bfScvfkRQFSNPvtSKU9h3qwPHtmNClK6YXSJFKglv32ffWC7+AStyCpn5w==",
            "primary_blob_endpoint": "https://zmtacc.blob.core.windows.net/",
            "primary_blob_host": "zmtacc.blob.core.windows.net",
            "primary_connection_string": "DefaultEndpointsProtocol=https;AccountName=zmtacc;AccountKey=cXI92iOMQHi9KiHBtz+U3mgtcwK3bfScvfkRQFSNPvtSKU9h3qwPHtmNClK6YXSJFKglv32ffWC7+AStyCpn5w==;EndpointSuffix=core.windows.net",
            "primary_dfs_endpoint": "https://zmtacc.dfs.core.windows.net/",
            "primary_dfs_host": "zmtacc.dfs.core.windows.net",
            "primary_file_endpoint": "https://zmtacc.file.core.windows.net/",
            "primary_file_host": "zmtacc.file.core.windows.net",
            "primary_location": "westus",
            "primary_queue_endpoint": "https://zmtacc.queue.core.windows.net/",
            "primary_queue_host": "zmtacc.queue.core.windows.net",
            "primary_table_endpoint": "https://zmtacc.table.core.windows.net/",
            "primary_table_host": "zmtacc.table.core.windows.net",
            "primary_web_endpoint": "https://zmtacc.z22.web.core.windows.net/",
            "primary_web_host": "zmtacc.z22.web.core.windows.net",
            "public_network_access_enabled": true,
            "queue_encryption_key_type": "Service",
            "queue_properties": [
              {
                "cors_rule": [],
                "hour_metrics": [
                  {
                    "enabled": true,
                    "include_apis": true,
                    "retention_policy_days": 7,
                    "version": "1.0"
                  }
                ],
                "logging": [
                  {
                    "delete": false,
                    "read": false,
                    "retention_policy_days": 0,
                    "version": "1.0",
                    "write": false
                  }
                ],
                "minute_metrics": [
                  {
                    "enabled": false,
                    "include_apis": false,
                    "retention_policy_days": 0,
                    "version": "1.0"
                  }
                ]
              }
            ],
            "resource_group_name": "zmt-rg",
            "routing": [],
            "sas_policy": [],
            "secondary_access_key": "RHkmHQRnr9s9ziRX+E5k4UqBvzFEMJ8Drj0ksJUjcl2urjPFNhmgzjRVPq+vigm8dbmjJ5GsIZVl+AStz7kJaA==",
            "secondary_blob_connection_string": "",
            "secondary_blob_endpoint": null,
            "secondary_blob_host": null,
            "secondary_connection_string": "DefaultEndpointsProtocol=https;AccountName=zmtacc;AccountKey=RHkmHQRnr9s9ziRX+E5k4UqBvzFEMJ8Drj0ksJUjcl2urjPFNhmgzjRVPq+vigm8dbmjJ5GsIZVl+AStz7kJaA==;EndpointSuffix=core.windows.net",
            "secondary_dfs_endpoint": null,
            "secondary_dfs_host": null,
            "secondary_file_endpoint": null,
            "secondary_file_host": null,
            "secondary_location": "eastus",
            "secondary_queue_endpoint": null,
            "secondary_queue_host": null,
            "secondary_table_endpoint": null,
            "secondary_table_host": null,
            "secondary_web_endpoint": null,
            "secondary_web_host": null,
            "sftp_enabled": false,
            "share_properties": [
              {
                "cors_rule": [],
                "retention_policy": [
                  {
                    "days": 7
                  }
                ],
                "smb": []
              }
            ],
            "shared_access_key_enabled": true,
            "static_website": [],
            "table_encryption_key_type": "Service",
            "tags": {},
            "timeouts": null
          },
          "sensitive_attributes": [],
          "private": "eyJlMmJmYjczMC1lY2FhLTExZTYtOGY4OC0zNDM2M2JjN2M0YzAiOnsiY3JlYXRlIjozNjAwMDAwMDAwMDAwLCJkZWxldGUiOjM2MDAwMDAwMDAwMDAsInJlYWQiOjMwMDAwMDAwMDAwMCwidXBkYXRlIjozNjAwMDAwMDAwMDAwfSwic2NoZW1hX3ZlcnNpb24iOiIzIn0=",
          "dependencies": [
            "module.ResourceGroup.azurerm_resource_group.zmt_rg"
          ]
        }
      ]
    }
  ],
  "check_results": null
}
